
Microsoft Visual Studio Solution File, Format Version 12.00
# Visual Studio Version 16
VisualStudioVersion = 16.0.31624.102
MinimumVisualStudioVersion = 10.0.40219.1
Project("{FAE04EC0-301F-11D3-BF4B-00C04F79EFBC}") = "LAB_CSHARP", "LAB_CSHARP.csproj", "{F6B9E977-9572-49A5-B50F-E74B523D3790}"
EndProject
Global
	GlobalSection(SolutionConfigurationPlatforms) = preSolution
		Debug|Any CPU = Debug|Any CPU
		Release|Any CPU = Release|Any CPU
	EndGlobalSection
	GlobalSection(ProjectConfigurationPlatforms) = postSolution
		{F6B9E977-9572-49A5-B50F-E74B523D3790}.Debug|Any CPU.ActiveCfg = Debug|Any CPU
		{F6B9E977-9572-49A5-B50F-E74B523D3790}.Debug|Any CPU.Build.0 = Debug|Any CPU
		{F6B9E977-9572-49A5-B50F-E74B523D3790}.Release|Any CPU.ActiveCfg = Release|Any CPU
		{F6B9E977-9572-49A5-B50F-E74B523D3790}.Release|Any CPU.Build.0 = Release|Any CPU
	EndGlobalSection
	GlobalSection(SolutionProperties) = preSolution
		HideSolutionNode = FALSE
	EndGlobalSection
	GlobalSection(ExtensibilityGlobals) = postSolution
		SolutionGuid = {27B753F6-0C2D-4EF1-A517-D85E4890A361}
	EndGlobalSection
EndGlobal
